
Microsoft Visual Studio Solution File, Format Version 12.00
# Visual Studio 15
VisualStudioVersion = 15.0.27004.2002
MinimumVisualStudioVersion = 10.0.40219.1
Project("{FAE04EC0-301F-11D3-BF4B-00C04F79EFBC}") = "A4AWeb", "A4AWeb\A4AWeb.csproj", "{C4828B4E-72F9-43AE-B913-3DC33D5A871F}"
EndProject
Global
	GlobalSection(SolutionConfigurationPlatforms) = preSolution
		Debug|Any CPU = Debug|Any CPU
		Release|Any CPU = Release|Any CPU
	EndGlobalSection
	GlobalSection(ProjectConfigurationPlatforms) = postSolution
		{C4828B4E-72F9-43AE-B913-3DC33D5A871F}.Debug|Any CPU.ActiveCfg = Debug|Any CPU
		{C4828B4E-72F9-43AE-B913-3DC33D5A871F}.Debug|Any CPU.Build.0 = Debug|Any CPU
		{C4828B4E-72F9-43AE-B913-3DC33D5A871F}.Release|Any CPU.ActiveCfg = Release|Any CPU
		{C4828B4E-72F9-43AE-B913-3DC33D5A871F}.Release|Any CPU.Build.0 = Release|Any CPU
	EndGlobalSection
	GlobalSection(SolutionProperties) = preSolution
		HideSolutionNode = FALSE
	EndGlobalSection
	GlobalSection(ExtensibilityGlobals) = postSolution
		SolutionGuid = {F3EEEFD8-12BF-4355-AFEE-36330F688320}
	EndGlobalSection
EndGlobal
