
Microsoft Visual Studio Solution File, Format Version 12.00
# Visual Studio 15
VisualStudioVersion = 15.0.27004.2002
MinimumVisualStudioVersion = 10.0.40219.1
Project("{9A19103F-16F7-4668-BE54-9A1E7A4F7556}") = "GraphQLConsole", "GraphQLConsole\GraphQLConsole.csproj", "{8B44CDC2-7185-4D7C-81E4-318F34972CA0}"
EndProject
Project("{9A19103F-16F7-4668-BE54-9A1E7A4F7556}") = "GraphiQLWeb", "GraphiQLWeb\GraphiQLWeb.csproj", "{D2832E69-F514-4825-9592-6FBA25A8F335}"
EndProject
Project("{FAE04EC0-301F-11D3-BF4B-00C04F79EFBC}") = "As.Antlr4.Core", "As.Antlr4.Core\As.Antlr4.Core.csproj", "{33C6689A-2BEE-4E29-804F-84D1803C9D4B}"
EndProject
Project("{FAE04EC0-301F-11D3-BF4B-00C04F79EFBC}") = "As.GraphQL.Antlr", "As.GraphQL.Antlr\As.GraphQL.Antlr.csproj", "{807D7667-1837-428D-A5C8-C781D43AA3C6}"
EndProject
Project("{FAE04EC0-301F-11D3-BF4B-00C04F79EFBC}") = "As.GraphQL.Interface", "As.GraphQL.Interface\As.GraphQL.Interface.csproj", "{8D232AF6-9959-4FCE-920C-CE0B656891F4}"
EndProject
Project("{FAE04EC0-301F-11D3-BF4B-00C04F79EFBC}") = "As.GraphQL", "As.GraphQL\As.GraphQL.csproj", "{F7D31AAE-37CA-47FC-A219-5FB63E82809C}"
EndProject
Global
	GlobalSection(SolutionConfigurationPlatforms) = preSolution
		Debug|Any CPU = Debug|Any CPU
		Release|Any CPU = Release|Any CPU
	EndGlobalSection
	GlobalSection(ProjectConfigurationPlatforms) = postSolution
		{8B44CDC2-7185-4D7C-81E4-318F34972CA0}.Debug|Any CPU.ActiveCfg = Debug|Any CPU
		{8B44CDC2-7185-4D7C-81E4-318F34972CA0}.Debug|Any CPU.Build.0 = Debug|Any CPU
		{8B44CDC2-7185-4D7C-81E4-318F34972CA0}.Release|Any CPU.ActiveCfg = Release|Any CPU
		{8B44CDC2-7185-4D7C-81E4-318F34972CA0}.Release|Any CPU.Build.0 = Release|Any CPU
		{D2832E69-F514-4825-9592-6FBA25A8F335}.Debug|Any CPU.ActiveCfg = Debug|Any CPU
		{D2832E69-F514-4825-9592-6FBA25A8F335}.Debug|Any CPU.Build.0 = Debug|Any CPU
		{D2832E69-F514-4825-9592-6FBA25A8F335}.Release|Any CPU.ActiveCfg = Release|Any CPU
		{D2832E69-F514-4825-9592-6FBA25A8F335}.Release|Any CPU.Build.0 = Release|Any CPU
		{33C6689A-2BEE-4E29-804F-84D1803C9D4B}.Debug|Any CPU.ActiveCfg = Debug|Any CPU
		{33C6689A-2BEE-4E29-804F-84D1803C9D4B}.Debug|Any CPU.Build.0 = Debug|Any CPU
		{33C6689A-2BEE-4E29-804F-84D1803C9D4B}.Release|Any CPU.ActiveCfg = Release|Any CPU
		{33C6689A-2BEE-4E29-804F-84D1803C9D4B}.Release|Any CPU.Build.0 = Release|Any CPU
		{807D7667-1837-428D-A5C8-C781D43AA3C6}.Debug|Any CPU.ActiveCfg = Debug|Any CPU
		{807D7667-1837-428D-A5C8-C781D43AA3C6}.Debug|Any CPU.Build.0 = Debug|Any CPU
		{807D7667-1837-428D-A5C8-C781D43AA3C6}.Release|Any CPU.ActiveCfg = Release|Any CPU
		{807D7667-1837-428D-A5C8-C781D43AA3C6}.Release|Any CPU.Build.0 = Release|Any CPU
		{8D232AF6-9959-4FCE-920C-CE0B656891F4}.Debug|Any CPU.ActiveCfg = Debug|Any CPU
		{8D232AF6-9959-4FCE-920C-CE0B656891F4}.Debug|Any CPU.Build.0 = Debug|Any CPU
		{8D232AF6-9959-4FCE-920C-CE0B656891F4}.Release|Any CPU.ActiveCfg = Release|Any CPU
		{8D232AF6-9959-4FCE-920C-CE0B656891F4}.Release|Any CPU.Build.0 = Release|Any CPU
		{F7D31AAE-37CA-47FC-A219-5FB63E82809C}.Debug|Any CPU.ActiveCfg = Debug|Any CPU
		{F7D31AAE-37CA-47FC-A219-5FB63E82809C}.Debug|Any CPU.Build.0 = Debug|Any CPU
		{F7D31AAE-37CA-47FC-A219-5FB63E82809C}.Release|Any CPU.ActiveCfg = Release|Any CPU
		{F7D31AAE-37CA-47FC-A219-5FB63E82809C}.Release|Any CPU.Build.0 = Release|Any CPU
	EndGlobalSection
	GlobalSection(SolutionProperties) = preSolution
		HideSolutionNode = FALSE
	EndGlobalSection
	GlobalSection(ExtensibilityGlobals) = postSolution
		SolutionGuid = {2C90B270-FFB3-4839-A5FD-14CEFC10DA7D}
	EndGlobalSection
EndGlobal
