
Microsoft Visual Studio Solution File, Format Version 12.00
# Visual Studio 15
VisualStudioVersion = 15.0.27004.2002
MinimumVisualStudioVersion = 10.0.40219.1
Project("{FAE04EC0-301F-11D3-BF4B-00C04F79EFBC}") = "GraphQL", "GraphQL\GraphQL.csproj", "{F35828FB-8E63-4454-B35D-11AC11F2A7B0}"
EndProject
Project("{FAE04EC0-301F-11D3-BF4B-00C04F79EFBC}") = "Antlr4.Core", "Antlr4.Core\Antlr4.Core.csproj", "{CBA5CE48-A2D6-43DA-AD8E-9E78652A4173}"
EndProject
Project("{FAE04EC0-301F-11D3-BF4B-00C04F79EFBC}") = "GraphQL.Antlr", "GraphQL.Antlr\GraphQL.Antlr.csproj", "{8D2A8DC7-5895-4E28-9D51-1F1E1006A4EB}"
EndProject
Project("{FAE04EC0-301F-11D3-BF4B-00C04F79EFBC}") = "GraphQL.Interface", "GraphQL.Interface\GraphQL.Interface.csproj", "{0F2B23C0-2266-49D5-9835-00DABCB02C80}"
EndProject
Global
	GlobalSection(SolutionConfigurationPlatforms) = preSolution
		Debug|Any CPU = Debug|Any CPU
		Release|Any CPU = Release|Any CPU
	EndGlobalSection
	GlobalSection(ProjectConfigurationPlatforms) = postSolution
		{F35828FB-8E63-4454-B35D-11AC11F2A7B0}.Debug|Any CPU.ActiveCfg = Debug|Any CPU
		{F35828FB-8E63-4454-B35D-11AC11F2A7B0}.Debug|Any CPU.Build.0 = Debug|Any CPU
		{F35828FB-8E63-4454-B35D-11AC11F2A7B0}.Release|Any CPU.ActiveCfg = Release|Any CPU
		{F35828FB-8E63-4454-B35D-11AC11F2A7B0}.Release|Any CPU.Build.0 = Release|Any CPU
		{CBA5CE48-A2D6-43DA-AD8E-9E78652A4173}.Debug|Any CPU.ActiveCfg = Debug|Any CPU
		{CBA5CE48-A2D6-43DA-AD8E-9E78652A4173}.Debug|Any CPU.Build.0 = Debug|Any CPU
		{CBA5CE48-A2D6-43DA-AD8E-9E78652A4173}.Release|Any CPU.ActiveCfg = Release|Any CPU
		{CBA5CE48-A2D6-43DA-AD8E-9E78652A4173}.Release|Any CPU.Build.0 = Release|Any CPU
		{8D2A8DC7-5895-4E28-9D51-1F1E1006A4EB}.Debug|Any CPU.ActiveCfg = Debug|Any CPU
		{8D2A8DC7-5895-4E28-9D51-1F1E1006A4EB}.Debug|Any CPU.Build.0 = Debug|Any CPU
		{8D2A8DC7-5895-4E28-9D51-1F1E1006A4EB}.Release|Any CPU.ActiveCfg = Release|Any CPU
		{8D2A8DC7-5895-4E28-9D51-1F1E1006A4EB}.Release|Any CPU.Build.0 = Release|Any CPU
		{0F2B23C0-2266-49D5-9835-00DABCB02C80}.Debug|Any CPU.ActiveCfg = Debug|Any CPU
		{0F2B23C0-2266-49D5-9835-00DABCB02C80}.Debug|Any CPU.Build.0 = Debug|Any CPU
		{0F2B23C0-2266-49D5-9835-00DABCB02C80}.Release|Any CPU.ActiveCfg = Release|Any CPU
		{0F2B23C0-2266-49D5-9835-00DABCB02C80}.Release|Any CPU.Build.0 = Release|Any CPU
	EndGlobalSection
	GlobalSection(SolutionProperties) = preSolution
		HideSolutionNode = FALSE
	EndGlobalSection
	GlobalSection(ExtensibilityGlobals) = postSolution
		SolutionGuid = {2C90B270-FFB3-4839-A5FD-14CEFC10DA7D}
	EndGlobalSection
EndGlobal
