
Microsoft Visual Studio Solution File, Format Version 12.00
# Visual Studio 15
VisualStudioVersion = 15.0.27130.2010
MinimumVisualStudioVersion = 10.0.40219.1
Project("{9A19103F-16F7-4668-BE54-9A1E7A4F7556}") = "CommsConsole", "CommsConsole\CommsConsole.csproj", "{29D8CF23-8BA6-496B-8DA4-7C4C07647F35}"
EndProject
Project("{9A19103F-16F7-4668-BE54-9A1E7A4F7556}") = "AMLWorker", "AMLWorker\AMLWorker.csproj", "{DD7D7D94-9B31-49BB-B9B4-309C678C6E2F}"
EndProject
Project("{9A19103F-16F7-4668-BE54-9A1E7A4F7556}") = "AmlClient", "AmlClient\AmlClient.csproj", "{43761EB3-1F7B-418A-B639-109110E711EF}"
EndProject
Project("{9A19103F-16F7-4668-BE54-9A1E7A4F7556}") = "TestConsole", "TestConsole\TestConsole.csproj", "{EEF4C53C-9BFD-4067-8E1C-E4CDF36F7FD8}"
EndProject
Project("{9A19103F-16F7-4668-BE54-9A1E7A4F7556}") = "AMLWeb", "AMLWeb\AMLWeb.csproj", "{602C1E44-8027-4678-9B29-F608E2C29810}"
EndProject
Project("{9A19103F-16F7-4668-BE54-9A1E7A4F7556}") = "As.Comms", "As.Comms\As.Comms.csproj", "{73F9137E-C345-4F90-8CDC-4C48FB353E58}"
EndProject
Project("{9A19103F-16F7-4668-BE54-9A1E7A4F7556}") = "As.Logger", "As.Logger\As.Logger.csproj", "{AE8373BD-57A4-4A8D-8F56-16C71937DF39}"
EndProject
Project("{9A19103F-16F7-4668-BE54-9A1E7A4F7556}") = "As.Shared", "As.Shared\As.Shared.csproj", "{33A794BF-5897-4BA7-8D59-1BEA34CB777D}"
EndProject
Project("{9A19103F-16F7-4668-BE54-9A1E7A4F7556}") = "As.Client", "As.Client\As.Client.csproj", "{A49728B7-FB7A-4BEC-997C-506C9E50D93F}"
EndProject
Project("{2150E333-8FDC-42A3-9474-1A3956D46DE8}") = "GraphQL", "GraphQL", "{676CB1CF-254E-45AF-BA77-F8F6A9FDA02D}"
EndProject
Project("{9A19103F-16F7-4668-BE54-9A1E7A4F7556}") = "As.Antlr4.Core", "..\GraphQL\As.Antlr4.Core\As.Antlr4.Core.csproj", "{D0910581-F763-4C0B-909A-6E306E819CE6}"
EndProject
Project("{9A19103F-16F7-4668-BE54-9A1E7A4F7556}") = "As.GraphQL", "..\GraphQL\As.GraphQL\As.GraphQL.csproj", "{E1AF7306-416D-48B5-8E5F-732DFC2C3DB2}"
EndProject
Project("{9A19103F-16F7-4668-BE54-9A1E7A4F7556}") = "As.GraphQL.Antlr", "..\GraphQL\As.GraphQL.Antlr\As.GraphQL.Antlr.csproj", "{77D2967A-AD4C-4B18-AC8E-C1820877BA22}"
EndProject
Project("{9A19103F-16F7-4668-BE54-9A1E7A4F7556}") = "As.GraphQL.Interface", "..\GraphQL\As.GraphQL.Interface\As.GraphQL.Interface.csproj", "{055BF548-6160-4561-886E-E525BAB2E92D}"
EndProject
Project("{9A19103F-16F7-4668-BE54-9A1E7A4F7556}") = "App4Answers", "App4Answers\App4Answers.csproj", "{72704080-5AE1-406E-A113-40BEF48BEC50}"
EndProject
Project("{9A19103F-16F7-4668-BE54-9A1E7A4F7556}") = "As.GraphDB", "As.GraphDB\As.GraphDB.csproj", "{903033F9-8433-4A01-BA7A-737518593BB0}"
EndProject
Project("{9A19103F-16F7-4668-BE54-9A1E7A4F7556}") = "As.A4ACore", "As.A4ACore\As.A4ACore.csproj", "{34561481-3A23-4CF2-A724-8CB17299B07F}"
EndProject
Project("{FAE04EC0-301F-11D3-BF4B-00C04F79EFBC}") = "As.Email", "As.Email\As.Email.csproj", "{D3D1FE0D-65EA-428F-8FBB-EBD8AB4114F0}"
EndProject
Global
	GlobalSection(SolutionConfigurationPlatforms) = preSolution
		Debug|Any CPU = Debug|Any CPU
		Release|Any CPU = Release|Any CPU
	EndGlobalSection
	GlobalSection(ProjectConfigurationPlatforms) = postSolution
		{29D8CF23-8BA6-496B-8DA4-7C4C07647F35}.Debug|Any CPU.ActiveCfg = Debug|Any CPU
		{29D8CF23-8BA6-496B-8DA4-7C4C07647F35}.Debug|Any CPU.Build.0 = Debug|Any CPU
		{29D8CF23-8BA6-496B-8DA4-7C4C07647F35}.Release|Any CPU.ActiveCfg = Release|Any CPU
		{29D8CF23-8BA6-496B-8DA4-7C4C07647F35}.Release|Any CPU.Build.0 = Release|Any CPU
		{DD7D7D94-9B31-49BB-B9B4-309C678C6E2F}.Debug|Any CPU.ActiveCfg = Debug|Any CPU
		{DD7D7D94-9B31-49BB-B9B4-309C678C6E2F}.Debug|Any CPU.Build.0 = Debug|Any CPU
		{DD7D7D94-9B31-49BB-B9B4-309C678C6E2F}.Release|Any CPU.ActiveCfg = Release|Any CPU
		{DD7D7D94-9B31-49BB-B9B4-309C678C6E2F}.Release|Any CPU.Build.0 = Release|Any CPU
		{43761EB3-1F7B-418A-B639-109110E711EF}.Debug|Any CPU.ActiveCfg = Debug|Any CPU
		{43761EB3-1F7B-418A-B639-109110E711EF}.Debug|Any CPU.Build.0 = Debug|Any CPU
		{43761EB3-1F7B-418A-B639-109110E711EF}.Release|Any CPU.ActiveCfg = Release|Any CPU
		{43761EB3-1F7B-418A-B639-109110E711EF}.Release|Any CPU.Build.0 = Release|Any CPU
		{EEF4C53C-9BFD-4067-8E1C-E4CDF36F7FD8}.Debug|Any CPU.ActiveCfg = Debug|Any CPU
		{EEF4C53C-9BFD-4067-8E1C-E4CDF36F7FD8}.Debug|Any CPU.Build.0 = Debug|Any CPU
		{EEF4C53C-9BFD-4067-8E1C-E4CDF36F7FD8}.Release|Any CPU.ActiveCfg = Release|Any CPU
		{EEF4C53C-9BFD-4067-8E1C-E4CDF36F7FD8}.Release|Any CPU.Build.0 = Release|Any CPU
		{602C1E44-8027-4678-9B29-F608E2C29810}.Debug|Any CPU.ActiveCfg = Debug|Any CPU
		{602C1E44-8027-4678-9B29-F608E2C29810}.Debug|Any CPU.Build.0 = Debug|Any CPU
		{602C1E44-8027-4678-9B29-F608E2C29810}.Release|Any CPU.ActiveCfg = Release|Any CPU
		{602C1E44-8027-4678-9B29-F608E2C29810}.Release|Any CPU.Build.0 = Release|Any CPU
		{73F9137E-C345-4F90-8CDC-4C48FB353E58}.Debug|Any CPU.ActiveCfg = Debug|Any CPU
		{73F9137E-C345-4F90-8CDC-4C48FB353E58}.Debug|Any CPU.Build.0 = Debug|Any CPU
		{73F9137E-C345-4F90-8CDC-4C48FB353E58}.Release|Any CPU.ActiveCfg = Release|Any CPU
		{73F9137E-C345-4F90-8CDC-4C48FB353E58}.Release|Any CPU.Build.0 = Release|Any CPU
		{AE8373BD-57A4-4A8D-8F56-16C71937DF39}.Debug|Any CPU.ActiveCfg = Debug|Any CPU
		{AE8373BD-57A4-4A8D-8F56-16C71937DF39}.Debug|Any CPU.Build.0 = Debug|Any CPU
		{AE8373BD-57A4-4A8D-8F56-16C71937DF39}.Release|Any CPU.ActiveCfg = Release|Any CPU
		{AE8373BD-57A4-4A8D-8F56-16C71937DF39}.Release|Any CPU.Build.0 = Release|Any CPU
		{33A794BF-5897-4BA7-8D59-1BEA34CB777D}.Debug|Any CPU.ActiveCfg = Debug|Any CPU
		{33A794BF-5897-4BA7-8D59-1BEA34CB777D}.Debug|Any CPU.Build.0 = Debug|Any CPU
		{33A794BF-5897-4BA7-8D59-1BEA34CB777D}.Release|Any CPU.ActiveCfg = Release|Any CPU
		{33A794BF-5897-4BA7-8D59-1BEA34CB777D}.Release|Any CPU.Build.0 = Release|Any CPU
		{A49728B7-FB7A-4BEC-997C-506C9E50D93F}.Debug|Any CPU.ActiveCfg = Debug|Any CPU
		{A49728B7-FB7A-4BEC-997C-506C9E50D93F}.Debug|Any CPU.Build.0 = Debug|Any CPU
		{A49728B7-FB7A-4BEC-997C-506C9E50D93F}.Release|Any CPU.ActiveCfg = Release|Any CPU
		{A49728B7-FB7A-4BEC-997C-506C9E50D93F}.Release|Any CPU.Build.0 = Release|Any CPU
		{D0910581-F763-4C0B-909A-6E306E819CE6}.Debug|Any CPU.ActiveCfg = Debug|Any CPU
		{D0910581-F763-4C0B-909A-6E306E819CE6}.Debug|Any CPU.Build.0 = Debug|Any CPU
		{D0910581-F763-4C0B-909A-6E306E819CE6}.Release|Any CPU.ActiveCfg = Release|Any CPU
		{D0910581-F763-4C0B-909A-6E306E819CE6}.Release|Any CPU.Build.0 = Release|Any CPU
		{E1AF7306-416D-48B5-8E5F-732DFC2C3DB2}.Debug|Any CPU.ActiveCfg = Debug|Any CPU
		{E1AF7306-416D-48B5-8E5F-732DFC2C3DB2}.Debug|Any CPU.Build.0 = Debug|Any CPU
		{E1AF7306-416D-48B5-8E5F-732DFC2C3DB2}.Release|Any CPU.ActiveCfg = Release|Any CPU
		{E1AF7306-416D-48B5-8E5F-732DFC2C3DB2}.Release|Any CPU.Build.0 = Release|Any CPU
		{77D2967A-AD4C-4B18-AC8E-C1820877BA22}.Debug|Any CPU.ActiveCfg = Debug|Any CPU
		{77D2967A-AD4C-4B18-AC8E-C1820877BA22}.Debug|Any CPU.Build.0 = Debug|Any CPU
		{77D2967A-AD4C-4B18-AC8E-C1820877BA22}.Release|Any CPU.ActiveCfg = Release|Any CPU
		{77D2967A-AD4C-4B18-AC8E-C1820877BA22}.Release|Any CPU.Build.0 = Release|Any CPU
		{055BF548-6160-4561-886E-E525BAB2E92D}.Debug|Any CPU.ActiveCfg = Debug|Any CPU
		{055BF548-6160-4561-886E-E525BAB2E92D}.Debug|Any CPU.Build.0 = Debug|Any CPU
		{055BF548-6160-4561-886E-E525BAB2E92D}.Release|Any CPU.ActiveCfg = Release|Any CPU
		{055BF548-6160-4561-886E-E525BAB2E92D}.Release|Any CPU.Build.0 = Release|Any CPU
		{72704080-5AE1-406E-A113-40BEF48BEC50}.Debug|Any CPU.ActiveCfg = Debug|Any CPU
		{72704080-5AE1-406E-A113-40BEF48BEC50}.Debug|Any CPU.Build.0 = Debug|Any CPU
		{72704080-5AE1-406E-A113-40BEF48BEC50}.Release|Any CPU.ActiveCfg = Release|Any CPU
		{72704080-5AE1-406E-A113-40BEF48BEC50}.Release|Any CPU.Build.0 = Release|Any CPU
		{903033F9-8433-4A01-BA7A-737518593BB0}.Debug|Any CPU.ActiveCfg = Debug|Any CPU
		{903033F9-8433-4A01-BA7A-737518593BB0}.Debug|Any CPU.Build.0 = Debug|Any CPU
		{903033F9-8433-4A01-BA7A-737518593BB0}.Release|Any CPU.ActiveCfg = Release|Any CPU
		{903033F9-8433-4A01-BA7A-737518593BB0}.Release|Any CPU.Build.0 = Release|Any CPU
		{34561481-3A23-4CF2-A724-8CB17299B07F}.Debug|Any CPU.ActiveCfg = Debug|Any CPU
		{34561481-3A23-4CF2-A724-8CB17299B07F}.Debug|Any CPU.Build.0 = Debug|Any CPU
		{34561481-3A23-4CF2-A724-8CB17299B07F}.Release|Any CPU.ActiveCfg = Release|Any CPU
		{34561481-3A23-4CF2-A724-8CB17299B07F}.Release|Any CPU.Build.0 = Release|Any CPU
		{D3D1FE0D-65EA-428F-8FBB-EBD8AB4114F0}.Debug|Any CPU.ActiveCfg = Debug|Any CPU
		{D3D1FE0D-65EA-428F-8FBB-EBD8AB4114F0}.Debug|Any CPU.Build.0 = Debug|Any CPU
		{D3D1FE0D-65EA-428F-8FBB-EBD8AB4114F0}.Release|Any CPU.ActiveCfg = Release|Any CPU
		{D3D1FE0D-65EA-428F-8FBB-EBD8AB4114F0}.Release|Any CPU.Build.0 = Release|Any CPU
	EndGlobalSection
	GlobalSection(SolutionProperties) = preSolution
		HideSolutionNode = FALSE
	EndGlobalSection
	GlobalSection(NestedProjects) = preSolution
		{D0910581-F763-4C0B-909A-6E306E819CE6} = {676CB1CF-254E-45AF-BA77-F8F6A9FDA02D}
		{E1AF7306-416D-48B5-8E5F-732DFC2C3DB2} = {676CB1CF-254E-45AF-BA77-F8F6A9FDA02D}
		{77D2967A-AD4C-4B18-AC8E-C1820877BA22} = {676CB1CF-254E-45AF-BA77-F8F6A9FDA02D}
		{055BF548-6160-4561-886E-E525BAB2E92D} = {676CB1CF-254E-45AF-BA77-F8F6A9FDA02D}
	EndGlobalSection
	GlobalSection(ExtensibilityGlobals) = postSolution
		SolutionGuid = {ABD5745A-BF3C-4AC1-94CB-77A594EEB05E}
	EndGlobalSection
EndGlobal
